// !$*UTF8*$!
{
	archiveVersion = 1;
	classes = {
	};
	objectVersion = 46;
	objects = {

/* Begin PBXBuildFile section */
		B91A4BB51F8CB67A006B378B /* AppDelegate.swift in Sources */ = {isa = PBXBuildFile; fileRef = B91A4BB41F8CB67A006B378B /* AppDelegate.swift */; };
		B91A4BB71F8CB67A006B378B /* ViewController.swift in Sources */ = {isa = PBXBuildFile; fileRef = B91A4BB61F8CB67A006B378B /* ViewController.swift */; };
		B91A4BB91F8CB67A006B378B /* Assets.xcassets in Resources */ = {isa = PBXBuildFile; fileRef = B91A4BB81F8CB67A006B378B /* Assets.xcassets */; };
		B91A4BBC1F8CB67A006B378B /* Main.storyboard in Resources */ = {isa = PBXBuildFile; fileRef = B91A4BBA1F8CB67A006B378B /* Main.storyboard */; };
/* End PBXBuildFile section */

/* Begin PBXFileReference section */
		B91A4BB11F8CB67A006B378B /* QuadraticEquationGUI.app */ = {isa = PBXFileReference; explicitFileType = wrapper.application; includeInIndex = 0; path = QuadraticEquationGUI.app; sourceTree = BUILT_PRODUCTS_DIR; };
		B91A4BB41F8CB67A006B378B /* AppDelegate.swift */ = {isa = PBXFileReference; lastKnownFileType = sourcecode.swift; path = AppDelegate.swift; sourceTree = "<group>"; };
		B91A4BB61F8CB67A006B378B /* ViewController.swift */ = {isa = PBXFileReference; lastKnownFileType = sourcecode.swift; path = ViewController.swift; sourceTree = "<group>"; };
		B91A4BB81F8CB67A006B378B /* Assets.xcassets */ = {isa = PBXFileReference; lastKnownFileType = folder.assetcatalog; path = Assets.xcassets; sourceTree = "<group>"; };
		B91A4BBB1F8CB67A006B378B /* Base */ = {isa = PBXFileReference; lastKnownFileType = file.storyboard; name = Base; path = Base.lproj/Main.storyboard; sourceTree = "<group>"; };
		B91A4BBD1F8CB67A006B378B /* Info.plist */ = {isa = PBXFileReference; lastKnownFileType = text.plist.xml; path = Info.plist; sourceTree = "<group>"; };
/* End PBXFileReference section */

/* Begin PBXFrameworksBuildPhase section */
		B91A4BAE1F8CB67A006B378B /* Frameworks */ = {
			isa = PBXFrameworksBuildPhase;
			buildActionMask = 2147483647;
			files = (
			);
			runOnlyForDeploymentPostprocessing = 0;
		};
/* End PBXFrameworksBuildPhase section */

/* Begin PBXGroup section */
		B91A4BA81F8CB67A006B378B = {
			isa = PBXGroup;
			children = (
				B91A4BB31F8CB67A006B378B /* QuadraticEquationGUI */,
				B91A4BB21F8CB67A006B378B /* Products */,
			);
			sourceTree = "<group>";
		};
		B91A4BB21F8CB67A006B378B /* Products */ = {
			isa = PBXGroup;
			children = (
				B91A4BB11F8CB67A006B378B /* QuadraticEquationGUI.app */,
			);
			name = Products;
			sourceTree = "<group>";
		};
		B91A4BB31F8CB67A006B378B /* QuadraticEquationGUI */ = {
			isa = PBXGroup;
			children = (
				B91A4BB41F8CB67A006B378B /* AppDelegate.swift */,
				B91A4BB61F8CB67A006B378B /* ViewController.swift */,
				B91A4BB81F8CB67A006B378B /* Assets.xcassets */,
				B91A4BBA1F8CB67A006B378B /* Main.storyboard */,
				B91A4BBD1F8CB67A006B378B /* Info.plist */,
			);
			path = QuadraticEquationGUI;
			sourceTree = "<group>";
		};
/* End PBXGroup section */

/* Begin PBXNativeTarget section */
		B91A4BB01F8CB67A006B378B /* QuadraticEquationGUI */ = {
			isa = PBXNativeTarget;
			buildConfigurationList = B91A4BC01F8CB67A006B378B /* Build configuration list for PBXNativeTarget "QuadraticEquationGUI" */;
			buildPhases = (
				B91A4BAD1F8CB67A006B378B /* Sources */,
				B91A4BAE1F8CB67A006B378B /* Frameworks */,
				B91A4BAF1F8CB67A006B378B /* Resources */,
			);
			buildRules = (
			);
			dependencies = (
			);
			name = QuadraticEquationGUI;
			productName = QuadraticEquationGUI;
			productReference = B91A4BB11F8CB67A006B378B /* QuadraticEquationGUI.app */;
			productType = "com.apple.product-type.application";
		};
/* End PBXNativeTarget section */

/* Begin PBXProject section */
		B91A4BA91F8CB67A006B378B /* Project object */ = {
			isa = PBXProject;
			attributes = {
				LastSwiftUpdateCheck = 0830;
				LastUpgradeCheck = 0830;
				ORGANIZATIONNAME = "Stanislav Khvalinskyi";
				TargetAttributes = {
					B91A4BB01F8CB67A006B378B = {
						CreatedOnToolsVersion = 8.3.3;
						ProvisioningStyle = Automatic;
					};
				};
			};
			buildConfigurationList = B91A4BAC1F8CB67A006B378B /* Build configuration list for PBXProject "QuadraticEquationGUI" */;
			compatibilityVersion = "Xcode 3.2";
			developmentRegion = English;
			hasScannedForEncodings = 0;
			knownRegions = (
				en,
				Base,
			);
			mainGroup = B91A4BA81F8CB67A006B378B;
			productRefGroup = B91A4BB21F8CB67A006B378B /* Products */;
			projectDirPath = "";
			projectRoot = "";
			targets = (
				B91A4BB01F8CB67A006B378B /* QuadraticEquationGUI */,
			);
		};
/* End PBXProject section */

/* Begin PBXResourcesBuildPhase section */
		B91A4BAF1F8CB67A006B378B /* Resources */ = {
			isa = PBXResourcesBuildPhase;
			buildActionMask = 2147483647;
			files = (
				B91A4BB91F8CB67A006B378B /* Assets.xcassets in Resources */,
				B91A4BBC1F8CB67A006B378B /* Main.storyboard in Resources */,
			);
			runOnlyForDeploymentPostprocessing = 0;
		};
/* End PBXResourcesBuildPhase section */

/* Begin PBXSourcesBuildPhase section */
		B91A4BAD1F8CB67A006B378B /* Sources */ = {
			isa = PBXSourcesBuildPhase;
			buildActionMask = 2147483647;
			files = (
				B91A4BB71F8CB67A006B378B /* ViewController.swift in Sources */,
				B91A4BB51F8CB67A006B378B /* AppDelegate.swift in Sources */,
			);
			runOnlyForDeploymentPostprocessing = 0;
		};
/* End PBXSourcesBuildPhase section */

/* Begin PBXVariantGroup section */
		B91A4BBA1F8CB67A006B378B /* Main.storyboard */ = {
			isa = PBXVariantGroup;
			children = (
				B91A4BBB1F8CB67A006B378B /* Base */,
			);
			name = Main.storyboard;
			sourceTree = "<group>";
		};
/* End PBXVariantGroup section */

/* Begin XCBuildConfiguration section */
		B91A4BBE1F8CB67A006B378B /* Debug */ = {
			isa = XCBuildConfiguration;
			buildSettings = {
				ALWAYS_SEARCH_USER_PATHS = NO;
				CLANG_ANALYZER_NONNULL = YES;
				CLANG_ANALYZER_NUMBER_OBJECT_CONVERSION = YES_AGGRESSIVE;
				CLANG_CXX_LANGUAGE_STANDARD = "gnu++0x";
				CLANG_CXX_LIBRARY = "libc++";
				CLANG_ENABLE_MODULES = YES;
				CLANG_ENABLE_OBJC_ARC = YES;
				CLANG_WARN_BOOL_CONVERSION = YES;
				CLANG_WARN_CONSTANT_CONVERSION = YES;
				CLANG_WARN_DIRECT_OBJC_ISA_USAGE = YES_ERROR;
				CLANG_WARN_DOCUMENTATION_COMMENTS = YES;
				CLANG_WARN_EMPTY_BODY = YES;
				CLANG_WARN_ENUM_CONVERSION = YES;
				CLANG_WARN_INFINITE_RECURSION = YES;
				CLANG_WARN_INT_CONVERSION = YES;
				CLANG_WARN_OBJC_ROOT_CLASS = YES_ERROR;
				CLANG_WARN_SUSPICIOUS_MOVE = YES;
				CLANG_WARN_UNREACHABLE_CODE = YES;
				CLANG_WARN__DUPLICATE_METHOD_MATCH = YES;
				CODE_SIGN_IDENTITY = "-";
				COPY_PHASE_STRIP = NO;
				DEBUG_INFORMATION_FORMAT = dwarf;
				ENABLE_STRICT_OBJC_MSGSEND = YES;
				ENABLE_TESTABILITY = YES;
				GCC_C_LANGUAGE_STANDARD = gnu99;
				GCC_DYNAMIC_NO_PIC = NO;
				GCC_NO_COMMON_BLOCKS = YES;
				GCC_OPTIMIZATION_LEVEL = 0;
				GCC_PREPROCESSOR_DEFINITIONS = (
					"DEBUG=1",
					"$(inherited)",
				);
				GCC_WARN_64_TO_32_BIT_CONVERSION = YES;
				GCC_WARN_ABOUT_RETURN_TYPE = YES_ERROR;
				GCC_WARN_UNDECLARED_SELECTOR = YES;
				GCC_WARN_UNINITIALIZED_AUTOS = YES_AGGRESSIVE;
				GCC_WARN_UNUSED_FUNCTION = YES;
				GCC_WARN_UNUSED_VARIABLE = YES;
				MACOSX_DEPLOYMENT_TARGET = 10.12;
				MTL_ENABLE_DEBUG_INFO = YES;
				ONLY_ACTIVE_ARCH = YES;
				SDKROOT = macosx;
				SWIFT_ACTIVE_COMPILATION_CONDITIONS = DEBUG;
				SWIFT_OPTIMIZATION_LEVEL = "-Onone";
			};
			name = Debug;
		};
		B91A4BBF1F8CB67A006B378B /* Release */ = {
			isa = XCBuildConfiguration;
			buildSettings = {
				ALWAYS_SEARCH_USER_PATHS = NO;
				CLANG_ANALYZER_NONNULL = YES;
				CLANG_ANALYZER_NUMBER_OBJECT_CONVERSION = YES_AGGRESSIVE;
				CLANG_CXX_LANGUAGE_STANDARD = "gnu++0x";
				CLANG_CXX_LIBRARY = "libc++";
				CLANG_ENABLE_MODULES = YES;
				CLANG_ENABLE_OBJC_ARC = YES;
				CLANG_WARN_BOOL_CONVERSION = YES;
				CLANG_WARN_CONSTANT_CONVERSION = YES;
				CLANG_WARN_DIRECT_OBJC_ISA_USAGE = YES_ERROR;
				CLANG_WARN_DOCUMENTATION_COMMENTS = YES;
				CLANG_WARN_EMPTY_BODY = YES;
				CLANG_WARN_ENUM_CONVERSION = YES;
				CLANG_WARN_INFINITE_RECURSION = YES;
				CLANG_WARN_INT_CONVERSION = YES;
				CLANG_WARN_OBJC_ROOT_CLASS = YES_ERROR;
				CLANG_WARN_SUSPICIOUS_MOVE = YES;
				CLANG_WARN_UNREACHABLE_CODE = YES;
				CLANG_WARN__DUPLICATE_METHOD_MATCH = YES;
				CODE_SIGN_IDENTITY = "-";
				COPY_PHASE_STRIP = NO;
				DEBUG_INFORMATION_FORMAT = "dwarf-with-dsym";
				ENABLE_NS_ASSERTIONS = NO;
				ENABLE_STRICT_OBJC_MSGSEND = YES;
				GCC_C_LANGUAGE_STANDARD = gnu99;
				GCC_NO_COMMON_BLOCKS = YES;
				GCC_WARN_64_TO_32_BIT_CONVERSION = YES;
				GCC_WARN_ABOUT_RETURN_TYPE = YES_ERROR;
				GCC_WARN_UNDECLARED_SELECTOR = YES;
				GCC_WARN_UNINITIALIZED_AUTOS = YES_AGGRESSIVE;
				GCC_WARN_UNUSED_FUNCTION = YES;
				GCC_WARN_UNUSED_VARIABLE = YES;
				MACOSX_DEPLOYMENT_TARGET = 10.12;
				MTL_ENABLE_DEBUG_INFO = NO;
				SDKROOT = macosx;
				SWIFT_OPTIMIZATION_LEVEL = "-Owholemodule";
			};
			name = Release;
		};
		B91A4BC11F8CB67A006B378B /* Debug */ = {
			isa = XCBuildConfiguration;
			buildSettings = {
				ASSETCATALOG_COMPILER_APPICON_NAME = AppIcon;
				COMBINE_HIDPI_IMAGES = YES;
				INFOPLIST_FILE = QuadraticEquationGUI/Info.plist;
				LD_RUNPATH_SEARCH_PATHS = "$(inherited) @executable_path/../Frameworks";
				PRODUCT_BUNDLE_IDENTIFIER = "-23.QuadraticEquationGUI";
				PRODUCT_NAME = "$(TARGET_NAME)";
				SWIFT_VERSION = 3.0;
			};
			name = Debug;
		};
		B91A4BC21F8CB67A006B378B /* Release */ = {
			isa = XCBuildConfiguration;
			buildSettings = {
				ASSETCATALOG_COMPILER_APPICON_NAME = AppIcon;
				COMBINE_HIDPI_IMAGES = YES;
				INFOPLIST_FILE = QuadraticEquationGUI/Info.plist;
				LD_RUNPATH_SEARCH_PATHS = "$(inherited) @executable_path/../Frameworks";
				PRODUCT_BUNDLE_IDENTIFIER = "-23.QuadraticEquationGUI";
				PRODUCT_NAME = "$(TARGET_NAME)";
				SWIFT_VERSION = 3.0;
			};
			name = Release;
		};
/* End XCBuildConfiguration section */

/* Begin XCConfigurationList section */
		B91A4BAC1F8CB67A006B378B /* Build configuration list for PBXProject "QuadraticEquationGUI" */ = {
			isa = XCConfigurationList;
			buildConfigurations = (
				B91A4BBE1F8CB67A006B378B /* Debug */,
				B91A4BBF1F8CB67A006B378B /* Release */,
			);
			defaultConfigurationIsVisible = 0;
			defaultConfigurationName = Release;
		};
		B91A4BC01F8CB67A006B378B /* Build configuration list for PBXNativeTarget "QuadraticEquationGUI" */ = {
			isa = XCConfigurationList;
			buildConfigurations = (
				B91A4BC11F8CB67A006B378B /* Debug */,
				B91A4BC21F8CB67A006B378B /* Release */,
			);
			defaultConfigurationIsVisible = 0;
		};
/* End XCConfigurationList section */
	};
	rootObject = B91A4BA91F8CB67A006B378B /* Project object */;
}
